# This file is autogenerated, do not edit; changes may be undone by the next 'dep ensure'.


[[projects]]
  branch = "master"
  digest = "1:3474911a9a2e60fe9430822d3b4dba82dad2d3be2746e264ea729b673cd0f759"
  name = "github.com/aaomidi/blockcipher"
  packages = [
    ".",
    "ctr",
  ]
  pruneopts = "UT"
  revision = "0282bb1c46355eda2d6c8cf731fbe25b3700aff9"

[[projects]]
  branch = "master"
  digest = "1:f311fceb946325d8aa8bc5a8cc9288b9bbaf2808fef694b7a6eacee7b261124d"
  name = "github.com/aaomidi/go-rc4"
  packages = ["rc4"]
  pruneopts = "UT"
  revision = "9f8d6d3f79b4429de35fd6af4984de724b7f830f"

[[projects]]
  branch = "master"
  digest = "1:6b930482c9b6f3b2a80b20904dfbedd5e165fe6a5f635eb345a9a8267cf03016"
  name = "github.com/aaomidi/go-tea"
  packages = ["tea"]
  pruneopts = "UT"
  revision = "59e1785b538dbdece286f0ad5f8e0caf7d6d1aec"

[solve-meta]
  analyzer-name = "dep"
  analyzer-version = 1
  input-imports = [
    "github.com/aaomidi/blockcipher",
    "github.com/aaomidi/blockcipher/ctr",
    "github.com/aaomidi/go-rc4/rc4",
    "github.com/aaomidi/go-tea/tea",
  ]
  solver-name = "gps-cdcl"
  solver-version = 1
